
Microsoft Visual Studio Solution File, Format Version 12.00
# Visual Studio Version 17
VisualStudioVersion = 17.13.35931.197 d17.13
MinimumVisualStudioVersion = 10.0.40219.1
Project("{FAE04EC0-301F-11D3-BF4B-00C04F79EFBC}") = "SOLID", "SOLID\SOLID.csproj", "{DAD625A7-896B-47A3-99BA-8478BC9E6E98}"
EndProject
Global
	GlobalSection(SolutionConfigurationPlatforms) = preSolution
		Debug|Any CPU = Debug|Any CPU
		Release|Any CPU = Release|Any CPU
	EndGlobalSection
	GlobalSection(ProjectConfigurationPlatforms) = postSolution
		{DAD625A7-896B-47A3-99BA-8478BC9E6E98}.Debug|Any CPU.ActiveCfg = Debug|Any CPU
		{DAD625A7-896B-47A3-99BA-8478BC9E6E98}.Debug|Any CPU.Build.0 = Debug|Any CPU
		{DAD625A7-896B-47A3-99BA-8478BC9E6E98}.Release|Any CPU.ActiveCfg = Release|Any CPU
		{DAD625A7-896B-47A3-99BA-8478BC9E6E98}.Release|Any CPU.Build.0 = Release|Any CPU
	EndGlobalSection
	GlobalSection(SolutionProperties) = preSolution
		HideSolutionNode = FALSE
	EndGlobalSection
	GlobalSection(ExtensibilityGlobals) = postSolution
		SolutionGuid = {B4DD7E6D-FF04-4FD3-8079-F43AE8783293}
	EndGlobalSection
EndGlobal
